
Microsoft Visual Studio Solution File, Format Version 12.00
# Visual Studio 15
VisualStudioVersion = 15.0.28010.2019
MinimumVisualStudioVersion = 10.0.40219.1
Project("{9A19103F-16F7-4668-BE54-9A1E7A4F7556}") = "MinhaLojaCore", "..\..\..\Downloads\treinamento-cast-web-apis-aspnet-core-master\treinamento-cast-web-apis-aspnet-core-master\MinhaLojaCore\MinhaLojaCore.csproj", "{34F69BD5-BBFC-43C3-BFEB-A80A4318269E}"
EndProject
Project("{FAE04EC0-301F-11D3-BF4B-00C04F79EFBC}") = "WebApiPessoa", "..\..\..\Desktop\WebApiPessoa\WebApiPessoa\WebApiPessoa\WebApiPessoa.csproj", "{9F945FA8-43BD-4E84-890F-D9A93B73D87C}"
EndProject
Global
	GlobalSection(SolutionConfigurationPlatforms) = preSolution
		Debug|Any CPU = Debug|Any CPU
		Release|Any CPU = Release|Any CPU
	EndGlobalSection
	GlobalSection(ProjectConfigurationPlatforms) = postSolution
		{34F69BD5-BBFC-43C3-BFEB-A80A4318269E}.Debug|Any CPU.ActiveCfg = Debug|Any CPU
		{34F69BD5-BBFC-43C3-BFEB-A80A4318269E}.Debug|Any CPU.Build.0 = Debug|Any CPU
		{34F69BD5-BBFC-43C3-BFEB-A80A4318269E}.Release|Any CPU.ActiveCfg = Release|Any CPU
		{34F69BD5-BBFC-43C3-BFEB-A80A4318269E}.Release|Any CPU.Build.0 = Release|Any CPU
		{9F945FA8-43BD-4E84-890F-D9A93B73D87C}.Debug|Any CPU.ActiveCfg = Debug|Any CPU
		{9F945FA8-43BD-4E84-890F-D9A93B73D87C}.Debug|Any CPU.Build.0 = Debug|Any CPU
		{9F945FA8-43BD-4E84-890F-D9A93B73D87C}.Release|Any CPU.ActiveCfg = Release|Any CPU
		{9F945FA8-43BD-4E84-890F-D9A93B73D87C}.Release|Any CPU.Build.0 = Release|Any CPU
	EndGlobalSection
	GlobalSection(SolutionProperties) = preSolution
		HideSolutionNode = FALSE
	EndGlobalSection
	GlobalSection(ExtensibilityGlobals) = postSolution
		SolutionGuid = {CF931E37-6DA9-40BC-BF85-672B1177B4BA}
	EndGlobalSection
EndGlobal
